
Microsoft Visual Studio Solution File, Format Version 12.00
# Visual Studio Version 16
VisualStudioVersion = 16.0.31729.503
MinimumVisualStudioVersion = 10.0.40219.1
Project("{8BC9CEB8-8B4A-11D0-8D11-00A0C91BC942}") = "nginx_web", "nginx_web.vcxproj", "{CC0DDE14-C476-464A-9C4B-B2E6ABBE5587}"
EndProject
Global
	GlobalSection(SolutionConfigurationPlatforms) = preSolution
		Debug|ARM = Debug|ARM
		Debug|ARM64 = Debug|ARM64
		Debug|x64 = Debug|x64
		Debug|x86 = Debug|x86
		Release|ARM = Release|ARM
		Release|ARM64 = Release|ARM64
		Release|x64 = Release|x64
		Release|x86 = Release|x86
	EndGlobalSection
	GlobalSection(ProjectConfigurationPlatforms) = postSolution
		{CC0DDE14-C476-464A-9C4B-B2E6ABBE5587}.Debug|ARM.ActiveCfg = Debug|ARM
		{CC0DDE14-C476-464A-9C4B-B2E6ABBE5587}.Debug|ARM.Build.0 = Debug|ARM
		{CC0DDE14-C476-464A-9C4B-B2E6ABBE5587}.Debug|ARM.Deploy.0 = Debug|ARM
		{CC0DDE14-C476-464A-9C4B-B2E6ABBE5587}.Debug|ARM64.ActiveCfg = Debug|ARM64
		{CC0DDE14-C476-464A-9C4B-B2E6ABBE5587}.Debug|ARM64.Build.0 = Debug|ARM64
		{CC0DDE14-C476-464A-9C4B-B2E6ABBE5587}.Debug|ARM64.Deploy.0 = Debug|ARM64
		{CC0DDE14-C476-464A-9C4B-B2E6ABBE5587}.Debug|x64.ActiveCfg = Debug|x64
		{CC0DDE14-C476-464A-9C4B-B2E6ABBE5587}.Debug|x64.Build.0 = Debug|x64
		{CC0DDE14-C476-464A-9C4B-B2E6ABBE5587}.Debug|x64.Deploy.0 = Debug|x64
		{CC0DDE14-C476-464A-9C4B-B2E6ABBE5587}.Debug|x86.ActiveCfg = Debug|x86
		{CC0DDE14-C476-464A-9C4B-B2E6ABBE5587}.Debug|x86.Build.0 = Debug|x86
		{CC0DDE14-C476-464A-9C4B-B2E6ABBE5587}.Debug|x86.Deploy.0 = Debug|x86
		{CC0DDE14-C476-464A-9C4B-B2E6ABBE5587}.Release|ARM.ActiveCfg = Release|ARM
		{CC0DDE14-C476-464A-9C4B-B2E6ABBE5587}.Release|ARM.Build.0 = Release|ARM
		{CC0DDE14-C476-464A-9C4B-B2E6ABBE5587}.Release|ARM.Deploy.0 = Release|ARM
		{CC0DDE14-C476-464A-9C4B-B2E6ABBE5587}.Release|ARM64.ActiveCfg = Release|ARM64
		{CC0DDE14-C476-464A-9C4B-B2E6ABBE5587}.Release|ARM64.Build.0 = Release|ARM64
		{CC0DDE14-C476-464A-9C4B-B2E6ABBE5587}.Release|ARM64.Deploy.0 = Release|ARM64
		{CC0DDE14-C476-464A-9C4B-B2E6ABBE5587}.Release|x64.ActiveCfg = Release|x64
		{CC0DDE14-C476-464A-9C4B-B2E6ABBE5587}.Release|x64.Build.0 = Release|x64
		{CC0DDE14-C476-464A-9C4B-B2E6ABBE5587}.Release|x64.Deploy.0 = Release|x64
		{CC0DDE14-C476-464A-9C4B-B2E6ABBE5587}.Release|x86.ActiveCfg = Release|x86
		{CC0DDE14-C476-464A-9C4B-B2E6ABBE5587}.Release|x86.Build.0 = Release|x86
		{CC0DDE14-C476-464A-9C4B-B2E6ABBE5587}.Release|x86.Deploy.0 = Release|x86
	EndGlobalSection
	GlobalSection(SolutionProperties) = preSolution
		HideSolutionNode = FALSE
	EndGlobalSection
	GlobalSection(ExtensibilityGlobals) = postSolution
		SolutionGuid = {94B04A87-7077-4574-8692-C1BB99340054}
	EndGlobalSection
EndGlobal
